
Microsoft Visual Studio Solution File, Format Version 12.00
# Visual Studio Version 17
VisualStudioVersion = 17.10.35013.160
MinimumVisualStudioVersion = 10.0.40219.1
Project("{FAE04EC0-301F-11D3-BF4B-00C04F79EFBC}") = "Ex.5z.7-CSC205", "Ex.5z.7-CSC205.csproj", "{65D658B1-7940-428F-A55C-61E561EAC856}"
EndProject
Global
	GlobalSection(SolutionConfigurationPlatforms) = preSolution
		Debug|Any CPU = Debug|Any CPU
		Release|Any CPU = Release|Any CPU
	EndGlobalSection
	GlobalSection(ProjectConfigurationPlatforms) = postSolution
		{65D658B1-7940-428F-A55C-61E561EAC856}.Debug|Any CPU.ActiveCfg = Debug|Any CPU
		{65D658B1-7940-428F-A55C-61E561EAC856}.Debug|Any CPU.Build.0 = Debug|Any CPU
		{65D658B1-7940-428F-A55C-61E561EAC856}.Release|Any CPU.ActiveCfg = Release|Any CPU
		{65D658B1-7940-428F-A55C-61E561EAC856}.Release|Any CPU.Build.0 = Release|Any CPU
	EndGlobalSection
	GlobalSection(SolutionProperties) = preSolution
		HideSolutionNode = FALSE
	EndGlobalSection
	GlobalSection(ExtensibilityGlobals) = postSolution
		SolutionGuid = {26CD1511-BA20-4BAB-99DA-491759235C38}
	EndGlobalSection
EndGlobal
